
Microsoft Visual Studio Solution File, Format Version 12.00
# Visual Studio Version 17
VisualStudioVersion = 17.1.32210.238
MinimumVisualStudioVersion = 10.0.40219.1
Project("{9A19103F-16F7-4668-BE54-9A1E7A4F7556}") = "Task_Tracker.API", "Task-Tracker.API\Task_Tracker.API.csproj", "{A961E80C-44E3-4B22-8D14-E4BF5AB23197}"
EndProject
Project("{9A19103F-16F7-4668-BE54-9A1E7A4F7556}") = "Task_Tracker.BusinessLayer", "Task-Tracker.BusinessLayer\Task_Tracker.BusinessLayer.csproj", "{7368314C-C3B6-462D-8BAA-C93FA27B4624}"
EndProject
Project("{9A19103F-16F7-4668-BE54-9A1E7A4F7556}") = "Task_Tracker.DataLayer", "Task-Tracker.DataLayer\Task_Tracker.DataLayer.csproj", "{FB103184-1016-4265-B015-7C66BB0E3B1E}"
EndProject
Project("{9A19103F-16F7-4668-BE54-9A1E7A4F7556}") = "Task_Tracker.DataLayer.Tests", "Task_Tracker.DataLayer.Tests\Task_Tracker.DataLayer.Tests.csproj", "{B027964F-5E82-43FA-A3E9-1508C6D140A0}"
EndProject
Project("{FAE04EC0-301F-11D3-BF4B-00C04F79EFBC}") = "Task_Tracker.BusinessLayer.Tests", "Task_Tracker.BusinessLayer.Tests\Task_Tracker.BusinessLayer.Tests.csproj", "{D0A6CE97-3FF4-4123-A4B0-B86436EDA3B9}"
EndProject
Global
	GlobalSection(SolutionConfigurationPlatforms) = preSolution
		Debug|Any CPU = Debug|Any CPU
		Release|Any CPU = Release|Any CPU
	EndGlobalSection
	GlobalSection(ProjectConfigurationPlatforms) = postSolution
		{A961E80C-44E3-4B22-8D14-E4BF5AB23197}.Debug|Any CPU.ActiveCfg = Debug|Any CPU
		{A961E80C-44E3-4B22-8D14-E4BF5AB23197}.Debug|Any CPU.Build.0 = Debug|Any CPU
		{A961E80C-44E3-4B22-8D14-E4BF5AB23197}.Release|Any CPU.ActiveCfg = Release|Any CPU
		{A961E80C-44E3-4B22-8D14-E4BF5AB23197}.Release|Any CPU.Build.0 = Release|Any CPU
		{7368314C-C3B6-462D-8BAA-C93FA27B4624}.Debug|Any CPU.ActiveCfg = Debug|Any CPU
		{7368314C-C3B6-462D-8BAA-C93FA27B4624}.Debug|Any CPU.Build.0 = Debug|Any CPU
		{7368314C-C3B6-462D-8BAA-C93FA27B4624}.Release|Any CPU.ActiveCfg = Release|Any CPU
		{7368314C-C3B6-462D-8BAA-C93FA27B4624}.Release|Any CPU.Build.0 = Release|Any CPU
		{FB103184-1016-4265-B015-7C66BB0E3B1E}.Debug|Any CPU.ActiveCfg = Debug|Any CPU
		{FB103184-1016-4265-B015-7C66BB0E3B1E}.Debug|Any CPU.Build.0 = Debug|Any CPU
		{FB103184-1016-4265-B015-7C66BB0E3B1E}.Release|Any CPU.ActiveCfg = Release|Any CPU
		{FB103184-1016-4265-B015-7C66BB0E3B1E}.Release|Any CPU.Build.0 = Release|Any CPU
		{B027964F-5E82-43FA-A3E9-1508C6D140A0}.Debug|Any CPU.ActiveCfg = Debug|Any CPU
		{B027964F-5E82-43FA-A3E9-1508C6D140A0}.Debug|Any CPU.Build.0 = Debug|Any CPU
		{B027964F-5E82-43FA-A3E9-1508C6D140A0}.Release|Any CPU.ActiveCfg = Release|Any CPU
		{B027964F-5E82-43FA-A3E9-1508C6D140A0}.Release|Any CPU.Build.0 = Release|Any CPU
		{D0A6CE97-3FF4-4123-A4B0-B86436EDA3B9}.Debug|Any CPU.ActiveCfg = Debug|Any CPU
		{D0A6CE97-3FF4-4123-A4B0-B86436EDA3B9}.Debug|Any CPU.Build.0 = Debug|Any CPU
		{D0A6CE97-3FF4-4123-A4B0-B86436EDA3B9}.Release|Any CPU.ActiveCfg = Release|Any CPU
		{D0A6CE97-3FF4-4123-A4B0-B86436EDA3B9}.Release|Any CPU.Build.0 = Release|Any CPU
	EndGlobalSection
	GlobalSection(SolutionProperties) = preSolution
		HideSolutionNode = FALSE
	EndGlobalSection
	GlobalSection(ExtensibilityGlobals) = postSolution
		SolutionGuid = {94116267-5ECC-40C8-88E0-BC0217833737}
	EndGlobalSection
EndGlobal
